
Microsoft Visual Studio Solution File, Format Version 12.00
# Visual Studio Version 17
VisualStudioVersion = 17.8.34330.188
MinimumVisualStudioVersion = 10.0.40219.1
Project("{FAE04EC0-301F-11D3-BF4B-00C04F79EFBC}") = "Aufgaben", "Aufgaben\Aufgaben.csproj", "{39B813D1-CF62-4406-B6B6-FA2E4287D03A}"
EndProject
Global
	GlobalSection(SolutionConfigurationPlatforms) = preSolution
		Debug|Any CPU = Debug|Any CPU
		Release|Any CPU = Release|Any CPU
	EndGlobalSection
	GlobalSection(ProjectConfigurationPlatforms) = postSolution
		{39B813D1-CF62-4406-B6B6-FA2E4287D03A}.Debug|Any CPU.ActiveCfg = Debug|Any CPU
		{39B813D1-CF62-4406-B6B6-FA2E4287D03A}.Debug|Any CPU.Build.0 = Debug|Any CPU
		{39B813D1-CF62-4406-B6B6-FA2E4287D03A}.Release|Any CPU.ActiveCfg = Release|Any CPU
		{39B813D1-CF62-4406-B6B6-FA2E4287D03A}.Release|Any CPU.Build.0 = Release|Any CPU
	EndGlobalSection
	GlobalSection(SolutionProperties) = preSolution
		HideSolutionNode = FALSE
	EndGlobalSection
	GlobalSection(ExtensibilityGlobals) = postSolution
		SolutionGuid = {AAA346AE-D9E6-4CA9-B268-FFD221895332}
	EndGlobalSection
EndGlobal
